<Solution>
  <Folder Name="/Solution Items/">
    <File Path="../.github/CONTRIBUTING.md" />
    <File Path="../.github/README.md" />
    <File Path="../docs/README_nuget.md" />
    <File Path="../umbraco-marketplace.json" />
  </Folder>
  <Project Path="DocTypeDoctor.TestSite/DocTypeDoctor.TestSite.csproj" />
  <Project Path="DocTypeDoctor/DocTypeDoctor.csproj" />
</Solution>
